
Microsoft Visual Studio Solution File, Format Version 12.00
# Visual Studio 15
VisualStudioVersion = 15.0.27703.2026
MinimumVisualStudioVersion = 10.0.40219.1
Project("{888888A0-9F3D-457C-B088-3A5042F75D52}") = "MathGame", "MathGame\MathGame.pyproj", "{6BF224F7-A69E-42EB-BC37-4546255B0857}"
EndProject
Global
	GlobalSection(SolutionConfigurationPlatforms) = preSolution
		Debug|Any CPU = Debug|Any CPU
		Release|Any CPU = Release|Any CPU
	EndGlobalSection
	GlobalSection(ProjectConfigurationPlatforms) = postSolution
		{6BF224F7-A69E-42EB-BC37-4546255B0857}.Debug|Any CPU.ActiveCfg = Debug|Any CPU
		{6BF224F7-A69E-42EB-BC37-4546255B0857}.Release|Any CPU.ActiveCfg = Release|Any CPU
	EndGlobalSection
	GlobalSection(SolutionProperties) = preSolution
		HideSolutionNode = FALSE
	EndGlobalSection
	GlobalSection(ExtensibilityGlobals) = postSolution
		SolutionGuid = {05954561-9A0A-4908-ABFC-73441496F921}
	EndGlobalSection
EndGlobal
